
Microsoft Visual Studio Solution File, Format Version 12.00
# Visual Studio 15
VisualStudioVersion = 15.0.28307.271
MinimumVisualStudioVersion = 10.0.40219.1
Project("{FAE04EC0-301F-11D3-BF4B-00C04F79EFBC}") = "WPFServer", "WPFChatServer\WPFServer.csproj", "{5CB18AAA-655F-4FAE-B057-4C6EB8F4B22C}"
EndProject
Project("{FAE04EC0-301F-11D3-BF4B-00C04F79EFBC}") = "WpfClient", "WpfClient\WpfClient.csproj", "{C8591233-1EFD-4634-8C9E-DDD602033060}"
EndProject
Global
	GlobalSection(SolutionConfigurationPlatforms) = preSolution
		Debug|Any CPU = Debug|Any CPU
		Release|Any CPU = Release|Any CPU
	EndGlobalSection
	GlobalSection(ProjectConfigurationPlatforms) = postSolution
		{5CB18AAA-655F-4FAE-B057-4C6EB8F4B22C}.Debug|Any CPU.ActiveCfg = Debug|Any CPU
		{5CB18AAA-655F-4FAE-B057-4C6EB8F4B22C}.Debug|Any CPU.Build.0 = Debug|Any CPU
		{5CB18AAA-655F-4FAE-B057-4C6EB8F4B22C}.Release|Any CPU.ActiveCfg = Release|Any CPU
		{5CB18AAA-655F-4FAE-B057-4C6EB8F4B22C}.Release|Any CPU.Build.0 = Release|Any CPU
		{C8591233-1EFD-4634-8C9E-DDD602033060}.Debug|Any CPU.ActiveCfg = Debug|Any CPU
		{C8591233-1EFD-4634-8C9E-DDD602033060}.Debug|Any CPU.Build.0 = Debug|Any CPU
		{C8591233-1EFD-4634-8C9E-DDD602033060}.Release|Any CPU.ActiveCfg = Release|Any CPU
		{C8591233-1EFD-4634-8C9E-DDD602033060}.Release|Any CPU.Build.0 = Release|Any CPU
	EndGlobalSection
	GlobalSection(SolutionProperties) = preSolution
		HideSolutionNode = FALSE
	EndGlobalSection
	GlobalSection(ExtensibilityGlobals) = postSolution
		SolutionGuid = {47C7FABE-018C-422A-BD67-8CE771E0AFCD}
	EndGlobalSection
EndGlobal
